
Microsoft Visual Studio Solution File, Format Version 12.00
# Visual Studio Version 16
VisualStudioVersion = 16.0.30503.244
MinimumVisualStudioVersion = 10.0.40219.1
Project("{FAE04EC0-301F-11D3-BF4B-00C04F79EFBC}") = "UnicefEducationMIS.ShapeFileImport2", "UnicefEducationMIS.ShapeFileImport2\UnicefEducationMIS.ShapeFileImport2.csproj", "{2F220CF4-DD11-45E0-9B1A-A2748CD9D986}"
EndProject
Global
	GlobalSection(SolutionConfigurationPlatforms) = preSolution
		Debug|Any CPU = Debug|Any CPU
		Release|Any CPU = Release|Any CPU
	EndGlobalSection
	GlobalSection(ProjectConfigurationPlatforms) = postSolution
		{2F220CF4-DD11-45E0-9B1A-A2748CD9D986}.Debug|Any CPU.ActiveCfg = Debug|Any CPU
		{2F220CF4-DD11-45E0-9B1A-A2748CD9D986}.Debug|Any CPU.Build.0 = Debug|Any CPU
		{2F220CF4-DD11-45E0-9B1A-A2748CD9D986}.Release|Any CPU.ActiveCfg = Release|Any CPU
		{2F220CF4-DD11-45E0-9B1A-A2748CD9D986}.Release|Any CPU.Build.0 = Release|Any CPU
	EndGlobalSection
	GlobalSection(SolutionProperties) = preSolution
		HideSolutionNode = FALSE
	EndGlobalSection
	GlobalSection(ExtensibilityGlobals) = postSolution
		SolutionGuid = {BFA85CF3-2E45-444E-A2B0-306B83880BF0}
	EndGlobalSection
EndGlobal
